
Microsoft Visual Studio Solution File, Format Version 12.00
# Visual Studio Version 17
VisualStudioVersion = 17.0.31903.59
MinimumVisualStudioVersion = 10.0.40219.1
Project("{FAE04EC0-301F-11D3-BF4B-00C04F79EFBC}") = "HRS.API", "HRS.API\HRS.API.csproj", "{BE9C424E-7A54-43ED-B367-8EA86AE53504}"
EndProject
Project("{FAE04EC0-301F-11D3-BF4B-00C04F79EFBC}") = "HRS.Test", "HRS.Test\HRS.Test.csproj", "{FFC1FB37-456D-4C81-9EA2-C2DC309DAADF}"
EndProject
Project("{2150E333-8FDC-42A3-9474-1A3956D46DE8}") = "controller", "controller", "{81EDE426-8042-932C-1674-F98964B0656C}"
EndProject
Global
	GlobalSection(SolutionConfigurationPlatforms) = preSolution
		Debug|Any CPU = Debug|Any CPU
		Release|Any CPU = Release|Any CPU
	EndGlobalSection
	GlobalSection(ProjectConfigurationPlatforms) = postSolution
		{BE9C424E-7A54-43ED-B367-8EA86AE53504}.Debug|Any CPU.ActiveCfg = Debug|Any CPU
		{BE9C424E-7A54-43ED-B367-8EA86AE53504}.Debug|Any CPU.Build.0 = Debug|Any CPU
		{BE9C424E-7A54-43ED-B367-8EA86AE53504}.Release|Any CPU.ActiveCfg = Release|Any CPU
		{BE9C424E-7A54-43ED-B367-8EA86AE53504}.Release|Any CPU.Build.0 = Release|Any CPU
		{FFC1FB37-456D-4C81-9EA2-C2DC309DAADF}.Debug|Any CPU.ActiveCfg = Debug|Any CPU
		{FFC1FB37-456D-4C81-9EA2-C2DC309DAADF}.Debug|Any CPU.Build.0 = Debug|Any CPU
		{FFC1FB37-456D-4C81-9EA2-C2DC309DAADF}.Release|Any CPU.ActiveCfg = Release|Any CPU
		{FFC1FB37-456D-4C81-9EA2-C2DC309DAADF}.Release|Any CPU.Build.0 = Release|Any CPU
	EndGlobalSection
	GlobalSection(SolutionProperties) = preSolution
		HideSolutionNode = FALSE
	EndGlobalSection
EndGlobal
